
Microsoft Visual Studio Solution File, Format Version 12.00
# Visual Studio Version 16
VisualStudioVersion = 16.0.31112.23
MinimumVisualStudioVersion = 10.0.40219.1
Project("{FAE04EC0-301F-11D3-BF4B-00C04F79EFBC}") = "EcommerceMVC", "EcommerceMVC\EcommerceMVC.csproj", "{F960B17D-F2D9-4B79-908C-B25D542B14D0}"
EndProject
Global
	GlobalSection(SolutionConfigurationPlatforms) = preSolution
		Debug|Any CPU = Debug|Any CPU
		Release|Any CPU = Release|Any CPU
	EndGlobalSection
	GlobalSection(ProjectConfigurationPlatforms) = postSolution
		{F960B17D-F2D9-4B79-908C-B25D542B14D0}.Debug|Any CPU.ActiveCfg = Debug|Any CPU
		{F960B17D-F2D9-4B79-908C-B25D542B14D0}.Debug|Any CPU.Build.0 = Debug|Any CPU
		{F960B17D-F2D9-4B79-908C-B25D542B14D0}.Release|Any CPU.ActiveCfg = Release|Any CPU
		{F960B17D-F2D9-4B79-908C-B25D542B14D0}.Release|Any CPU.Build.0 = Release|Any CPU
	EndGlobalSection
	GlobalSection(SolutionProperties) = preSolution
		HideSolutionNode = FALSE
	EndGlobalSection
	GlobalSection(ExtensibilityGlobals) = postSolution
		SolutionGuid = {D48F08C3-ED76-4ED4-8351-C154029DD8A5}
	EndGlobalSection
EndGlobal
